﻿Microsoft Visual Studio Solution File, Format Version 12.00
# Visual Studio Version 17
VisualStudioVersion = 17.0.31903.59
MinimumVisualStudioVersion = 10.0.40219.1
Project("{2150E333-8FDC-42A3-9474-1A3956D46DE8}") = "AuthService", "AuthService", "{54C27F26-71CB-9721-02CF-9E5332C2F895}"
EndProject
Project("{FAE04EC0-301F-11D3-BF4B-00C04F79EFBC}") = "AuthService.API", "src\AuthService\AuthService.API\AuthService.API.csproj", "{F9F6448E-22FB-4AB2-9ABA-FA0D8C352F68}"
EndProject
Project("{FAE04EC0-301F-11D3-BF4B-00C04F79EFBC}") = "AuthService.Application", "src\AuthService\AuthService.Application\AuthService.Application.csproj", "{FCD43382-2597-4B67-A95B-74B24ABD6678}"
EndProject
Project("{FAE04EC0-301F-11D3-BF4B-00C04F79EFBC}") = "AuthService.Domain", "src\AuthService\AuthService.Domain\AuthService.Domain.csproj", "{78686F0F-243C-4CC6-9513-4CE42A299778}"
EndProject
Project("{FAE04EC0-301F-11D3-BF4B-00C04F79EFBC}") = "AuthService.Infrastructure", "src\AuthService\AuthService.Infrastructure\AuthService.Infrastructure.csproj", "{E2505265-90C9-41E0-B59F-4EF5C00718F9}"
EndProject
Project("{2150E333-8FDC-42A3-9474-1A3956D46DE8}") = "ContentService", "ContentService", "{F683A2BF-B18A-76C4-8DFE-125E2E151B1C}"
EndProject
Project("{FAE04EC0-301F-11D3-BF4B-00C04F79EFBC}") = "ContentService.Application", "src\ContentService\ContentService.Application\ContentService.Application.csproj", "{8BBEAF32-185C-47CD-A035-94D9E0C244C3}"
EndProject
Project("{FAE04EC0-301F-11D3-BF4B-00C04F79EFBC}") = "ContentService.Domain", "src\ContentService\ContentService.Domain\ContentService.Domain.csproj", "{7DB43E1D-6CC0-489F-915C-694B08A3D617}"
EndProject
Project("{FAE04EC0-301F-11D3-BF4B-00C04F79EFBC}") = "ContentService.Infrastructure", "src\ContentService\ContentService.Infrastructure\ContentService.Infrastructure.csproj", "{CF0B5E25-A46B-4FEA-8454-35A254E0EADE}"
EndProject
Project("{FAE04EC0-301F-11D3-BF4B-00C04F79EFBC}") = "ContentService.WebApi", "src\ContentService\ContentService.WebApi\ContentService.WebApi.csproj", "{EC3C2C0D-87F7-481A-92FF-F0893C663280}"
EndProject
Project("{2150E333-8FDC-42A3-9474-1A3956D46DE8}") = "CourseService", "CourseService", "{BB26DCB3-C984-C138-110B-93319A42B7DC}"
EndProject
Project("{FAE04EC0-301F-11D3-BF4B-00C04F79EFBC}") = "CourseService.Application", "src\CourseService\CourseService.Application\CourseService.Application.csproj", "{C0469210-7EA3-45B8-BAAE-5743CA48B6B8}"
EndProject
Project("{FAE04EC0-301F-11D3-BF4B-00C04F79EFBC}") = "CourseService.Domain", "src\CourseService\CourseService.Domain\CourseService.Domain.csproj", "{62A4D2D6-1886-41A6-BF63-9F396CC60ADC}"
EndProject
Project("{FAE04EC0-301F-11D3-BF4B-00C04F79EFBC}") = "CourseService.Infrastructure", "src\CourseService\CourseService.Infrastructure\CourseService.Infrastructure.csproj", "{ABC4A68B-237D-4426-90C8-CD2C4D2D4257}"
EndProject
Project("{FAE04EC0-301F-11D3-BF4B-00C04F79EFBC}") = "CourseService.WebApi", "src\CourseService\CourseService.WebApi\CourseService.WebApi.csproj", "{2C622B19-EA76-4E24-A964-7DFB2B97DADA}"
EndProject
Project("{2150E333-8FDC-42A3-9474-1A3956D46DE8}") = "NotificationService", "NotificationService", "{0BAE62A9-2200-0262-2CB5-8EE825167370}"
EndProject
Project("{FAE04EC0-301F-11D3-BF4B-00C04F79EFBC}") = "NotificationService.Application", "src\NotificationService\NotificationService.Application\NotificationService.Application.csproj", "{1CC2A45B-D192-45E8-8DC3-4350327A0196}"
EndProject
Project("{FAE04EC0-301F-11D3-BF4B-00C04F79EFBC}") = "NotificationService.Domain", "src\NotificationService\NotificationService.Domain\NotificationService.Domain.csproj", "{91B36D0C-9523-4055-9E97-B21E748A04DA}"
EndProject
Project("{FAE04EC0-301F-11D3-BF4B-00C04F79EFBC}") = "NotificationService.Infrastructure", "src\NotificationService\NotificationService.Infrastructure\NotificationService.Infrastructure.csproj", "{7D24C539-10F6-4439-81EC-09EC81FFF15D}"
EndProject
Project("{FAE04EC0-301F-11D3-BF4B-00C04F79EFBC}") = "NotificationService.WebApi", "src\NotificationService\NotificationService.WebApi\NotificationService.WebApi.csproj", "{D3BC844E-5E59-410C-AB3E-B77D83148065}"
EndProject
Project("{2150E333-8FDC-42A3-9474-1A3956D46DE8}") = "Gateway", "Gateway", "{0DC46BCA-E012-2640-625E-836CBB628842}"
EndProject
Project("{FAE04EC0-301F-11D3-BF4B-00C04F79EFBC}") = "OcelotGeatwey", "src\Gateway\OcelotGeatwey.csproj", "{9AB3435D-1FB9-4C36-B465-BCA6E554CFF2}"
EndProject
Project("{2150E333-8FDC-42A3-9474-1A3956D46DE8}") = "QuizService", "QuizService", "{067C75A1-E974-9F51-AC57-C784B5F5A818}"
EndProject
Project("{FAE04EC0-301F-11D3-BF4B-00C04F79EFBC}") = "QuizService.Application", "src\QuizService\QuizService.Application\QuizService.Application.csproj", "{BD406F65-EA1C-4A58-AED6-B94AF77AE746}"
EndProject
Project("{FAE04EC0-301F-11D3-BF4B-00C04F79EFBC}") = "QuizService.Domain", "src\QuizService\QuizService.Domain\QuizService.Domain.csproj", "{69E97057-9C85-42CA-9D1F-8FEE544E4DC5}"
EndProject
Project("{FAE04EC0-301F-11D3-BF4B-00C04F79EFBC}") = "QuizService.Infrastructure", "src\QuizService\QuizService.Infrastructure\QuizService.Infrastructure.csproj", "{8C07A93A-A76F-4E22-8E9C-56B65594AA80}"
EndProject
Project("{FAE04EC0-301F-11D3-BF4B-00C04F79EFBC}") = "QuizService.WebApi", "src\QuizService\QuizService.WebApi\QuizService.WebApi.csproj", "{DCCEB4EC-9A4B-48C4-8DDA-9296D8439B42}"
EndProject
Project("{2150E333-8FDC-42A3-9474-1A3956D46DE8}") = "UserService", "UserService", "{C0127DB6-3CA8-EE98-7726-A4993E48C5D4}"
EndProject
Project("{FAE04EC0-301F-11D3-BF4B-00C04F79EFBC}") = "UserService.Application", "src\UserService\UserService.Application\UserService.Application.csproj", "{D370FA0D-6CCA-4708-8788-118C1A12D6EA}"
EndProject
Project("{FAE04EC0-301F-11D3-BF4B-00C04F79EFBC}") = "UserService.Domain", "src\UserService\UserService.Domain\UserService.Domain.csproj", "{3AB11ED8-7092-4544-BA8E-EAAB23E2BD74}"
EndProject
Project("{FAE04EC0-301F-11D3-BF4B-00C04F79EFBC}") = "UserService.Infrastructure", "src\UserService\UserService.Infrastructure\UserService.Infrastructure.csproj", "{63344235-B948-4416-B7DE-AF6865C4D978}"
EndProject
Project("{FAE04EC0-301F-11D3-BF4B-00C04F79EFBC}") = "UserService.WebApi", "src\UserService\UserService.WebApi\UserService.WebApi.csproj", "{52417BC4-F62A-4211-884B-1642D25CAAB6}"
EndProject
Project("{2150E333-8FDC-42A3-9474-1A3956D46DE8}") = "EmailService", "EmailService", "{70A08999-9CF1-44EE-B74A-624E0C8E2ADA}"
EndProject
Project("{FAE04EC0-301F-11D3-BF4B-00C04F79EFBC}") = "EmaillService.Api", "src\EmailService\EmaillService.Api\EmaillService.Api.csproj", "{B3E8C188-E3DB-45CB-98B2-7EE7FF2361B3}"
EndProject
Project("{FAE04EC0-301F-11D3-BF4B-00C04F79EFBC}") = "EmailService.Application", "src\EmailService\EmailService.Application\EmailService.Application.csproj", "{CB0553BE-F589-46B4-BBBB-E6B7D6CBB8CE}"
EndProject
Project("{FAE04EC0-301F-11D3-BF4B-00C04F79EFBC}") = "EmailService.Infrastructure", "src\EmailService\EmailService.Infrastructure\EmailService.Infrastructure.csproj", "{6873FB6A-64E5-4959-B5F3-F9473C6078DF}"
EndProject
Project("{FAE04EC0-301F-11D3-BF4B-00C04F79EFBC}") = "EmailService.Domain", "src\EmailService\EmailService.Domain\EmailService.Domain.csproj", "{0E27812F-487B-4E38-8D39-B3106F28A69A}"
EndProject
Global
	GlobalSection(SolutionConfigurationPlatforms) = preSolution
		Debug|Any CPU = Debug|Any CPU
		Debug|x64 = Debug|x64
		Debug|x86 = Debug|x86
		Release|Any CPU = Release|Any CPU
		Release|x64 = Release|x64
		Release|x86 = Release|x86
	EndGlobalSection
	GlobalSection(ProjectConfigurationPlatforms) = postSolution
		{F9F6448E-22FB-4AB2-9ABA-FA0D8C352F68}.Debug|Any CPU.ActiveCfg = Debug|Any CPU
		{F9F6448E-22FB-4AB2-9ABA-FA0D8C352F68}.Debug|Any CPU.Build.0 = Debug|Any CPU
		{F9F6448E-22FB-4AB2-9ABA-FA0D8C352F68}.Debug|x64.ActiveCfg = Debug|Any CPU
		{F9F6448E-22FB-4AB2-9ABA-FA0D8C352F68}.Debug|x64.Build.0 = Debug|Any CPU
		{F9F6448E-22FB-4AB2-9ABA-FA0D8C352F68}.Debug|x86.ActiveCfg = Debug|Any CPU
		{F9F6448E-22FB-4AB2-9ABA-FA0D8C352F68}.Debug|x86.Build.0 = Debug|Any CPU
		{F9F6448E-22FB-4AB2-9ABA-FA0D8C352F68}.Release|Any CPU.ActiveCfg = Release|Any CPU
		{F9F6448E-22FB-4AB2-9ABA-FA0D8C352F68}.Release|Any CPU.Build.0 = Release|Any CPU
		{F9F6448E-22FB-4AB2-9ABA-FA0D8C352F68}.Release|x64.ActiveCfg = Release|Any CPU
		{F9F6448E-22FB-4AB2-9ABA-FA0D8C352F68}.Release|x64.Build.0 = Release|Any CPU
		{F9F6448E-22FB-4AB2-9ABA-FA0D8C352F68}.Release|x86.ActiveCfg = Release|Any CPU
		{F9F6448E-22FB-4AB2-9ABA-FA0D8C352F68}.Release|x86.Build.0 = Release|Any CPU
		{FCD43382-2597-4B67-A95B-74B24ABD6678}.Debug|Any CPU.ActiveCfg = Debug|Any CPU
		{FCD43382-2597-4B67-A95B-74B24ABD6678}.Debug|Any CPU.Build.0 = Debug|Any CPU
		{FCD43382-2597-4B67-A95B-74B24ABD6678}.Debug|x64.ActiveCfg = Debug|Any CPU
		{FCD43382-2597-4B67-A95B-74B24ABD6678}.Debug|x64.Build.0 = Debug|Any CPU
		{FCD43382-2597-4B67-A95B-74B24ABD6678}.Debug|x86.ActiveCfg = Debug|Any CPU
		{FCD43382-2597-4B67-A95B-74B24ABD6678}.Debug|x86.Build.0 = Debug|Any CPU
		{FCD43382-2597-4B67-A95B-74B24ABD6678}.Release|Any CPU.ActiveCfg = Release|Any CPU
		{FCD43382-2597-4B67-A95B-74B24ABD6678}.Release|Any CPU.Build.0 = Release|Any CPU
		{FCD43382-2597-4B67-A95B-74B24ABD6678}.Release|x64.ActiveCfg = Release|Any CPU
		{FCD43382-2597-4B67-A95B-74B24ABD6678}.Release|x64.Build.0 = Release|Any CPU
		{FCD43382-2597-4B67-A95B-74B24ABD6678}.Release|x86.ActiveCfg = Release|Any CPU
		{FCD43382-2597-4B67-A95B-74B24ABD6678}.Release|x86.Build.0 = Release|Any CPU
		{78686F0F-243C-4CC6-9513-4CE42A299778}.Debug|Any CPU.ActiveCfg = Debug|Any CPU
		{78686F0F-243C-4CC6-9513-4CE42A299778}.Debug|Any CPU.Build.0 = Debug|Any CPU
		{78686F0F-243C-4CC6-9513-4CE42A299778}.Debug|x64.ActiveCfg = Debug|Any CPU
		{78686F0F-243C-4CC6-9513-4CE42A299778}.Debug|x64.Build.0 = Debug|Any CPU
		{78686F0F-243C-4CC6-9513-4CE42A299778}.Debug|x86.ActiveCfg = Debug|Any CPU
		{78686F0F-243C-4CC6-9513-4CE42A299778}.Debug|x86.Build.0 = Debug|Any CPU
		{78686F0F-243C-4CC6-9513-4CE42A299778}.Release|Any CPU.ActiveCfg = Release|Any CPU
		{78686F0F-243C-4CC6-9513-4CE42A299778}.Release|Any CPU.Build.0 = Release|Any CPU
		{78686F0F-243C-4CC6-9513-4CE42A299778}.Release|x64.ActiveCfg = Release|Any CPU
		{78686F0F-243C-4CC6-9513-4CE42A299778}.Release|x64.Build.0 = Release|Any CPU
		{78686F0F-243C-4CC6-9513-4CE42A299778}.Release|x86.ActiveCfg = Release|Any CPU
		{78686F0F-243C-4CC6-9513-4CE42A299778}.Release|x86.Build.0 = Release|Any CPU
		{E2505265-90C9-41E0-B59F-4EF5C00718F9}.Debug|Any CPU.ActiveCfg = Debug|Any CPU
		{E2505265-90C9-41E0-B59F-4EF5C00718F9}.Debug|Any CPU.Build.0 = Debug|Any CPU
		{E2505265-90C9-41E0-B59F-4EF5C00718F9}.Debug|x64.ActiveCfg = Debug|Any CPU
		{E2505265-90C9-41E0-B59F-4EF5C00718F9}.Debug|x64.Build.0 = Debug|Any CPU
		{E2505265-90C9-41E0-B59F-4EF5C00718F9}.Debug|x86.ActiveCfg = Debug|Any CPU
		{E2505265-90C9-41E0-B59F-4EF5C00718F9}.Debug|x86.Build.0 = Debug|Any CPU
		{E2505265-90C9-41E0-B59F-4EF5C00718F9}.Release|Any CPU.ActiveCfg = Release|Any CPU
		{E2505265-90C9-41E0-B59F-4EF5C00718F9}.Release|Any CPU.Build.0 = Release|Any CPU
		{E2505265-90C9-41E0-B59F-4EF5C00718F9}.Release|x64.ActiveCfg = Release|Any CPU
		{E2505265-90C9-41E0-B59F-4EF5C00718F9}.Release|x64.Build.0 = Release|Any CPU
		{E2505265-90C9-41E0-B59F-4EF5C00718F9}.Release|x86.ActiveCfg = Release|Any CPU
		{E2505265-90C9-41E0-B59F-4EF5C00718F9}.Release|x86.Build.0 = Release|Any CPU
		{8BBEAF32-185C-47CD-A035-94D9E0C244C3}.Debug|Any CPU.ActiveCfg = Debug|Any CPU
		{8BBEAF32-185C-47CD-A035-94D9E0C244C3}.Debug|Any CPU.Build.0 = Debug|Any CPU
		{8BBEAF32-185C-47CD-A035-94D9E0C244C3}.Debug|x64.ActiveCfg = Debug|Any CPU
		{8BBEAF32-185C-47CD-A035-94D9E0C244C3}.Debug|x64.Build.0 = Debug|Any CPU
		{8BBEAF32-185C-47CD-A035-94D9E0C244C3}.Debug|x86.ActiveCfg = Debug|Any CPU
		{8BBEAF32-185C-47CD-A035-94D9E0C244C3}.Debug|x86.Build.0 = Debug|Any CPU
		{8BBEAF32-185C-47CD-A035-94D9E0C244C3}.Release|Any CPU.ActiveCfg = Release|Any CPU
		{8BBEAF32-185C-47CD-A035-94D9E0C244C3}.Release|Any CPU.Build.0 = Release|Any CPU
		{8BBEAF32-185C-47CD-A035-94D9E0C244C3}.Release|x64.ActiveCfg = Release|Any CPU
		{8BBEAF32-185C-47CD-A035-94D9E0C244C3}.Release|x64.Build.0 = Release|Any CPU
		{8BBEAF32-185C-47CD-A035-94D9E0C244C3}.Release|x86.ActiveCfg = Release|Any CPU
		{8BBEAF32-185C-47CD-A035-94D9E0C244C3}.Release|x86.Build.0 = Release|Any CPU
		{7DB43E1D-6CC0-489F-915C-694B08A3D617}.Debug|Any CPU.ActiveCfg = Debug|Any CPU
		{7DB43E1D-6CC0-489F-915C-694B08A3D617}.Debug|Any CPU.Build.0 = Debug|Any CPU
		{7DB43E1D-6CC0-489F-915C-694B08A3D617}.Debug|x64.ActiveCfg = Debug|Any CPU
		{7DB43E1D-6CC0-489F-915C-694B08A3D617}.Debug|x64.Build.0 = Debug|Any CPU
		{7DB43E1D-6CC0-489F-915C-694B08A3D617}.Debug|x86.ActiveCfg = Debug|Any CPU
		{7DB43E1D-6CC0-489F-915C-694B08A3D617}.Debug|x86.Build.0 = Debug|Any CPU
		{7DB43E1D-6CC0-489F-915C-694B08A3D617}.Release|Any CPU.ActiveCfg = Release|Any CPU
		{7DB43E1D-6CC0-489F-915C-694B08A3D617}.Release|Any CPU.Build.0 = Release|Any CPU
		{7DB43E1D-6CC0-489F-915C-694B08A3D617}.Release|x64.ActiveCfg = Release|Any CPU
		{7DB43E1D-6CC0-489F-915C-694B08A3D617}.Release|x64.Build.0 = Release|Any CPU
		{7DB43E1D-6CC0-489F-915C-694B08A3D617}.Release|x86.ActiveCfg = Release|Any CPU
		{7DB43E1D-6CC0-489F-915C-694B08A3D617}.Release|x86.Build.0 = Release|Any CPU
		{CF0B5E25-A46B-4FEA-8454-35A254E0EADE}.Debug|Any CPU.ActiveCfg = Debug|Any CPU
		{CF0B5E25-A46B-4FEA-8454-35A254E0EADE}.Debug|Any CPU.Build.0 = Debug|Any CPU
		{CF0B5E25-A46B-4FEA-8454-35A254E0EADE}.Debug|x64.ActiveCfg = Debug|Any CPU
		{CF0B5E25-A46B-4FEA-8454-35A254E0EADE}.Debug|x64.Build.0 = Debug|Any CPU
		{CF0B5E25-A46B-4FEA-8454-35A254E0EADE}.Debug|x86.ActiveCfg = Debug|Any CPU
		{CF0B5E25-A46B-4FEA-8454-35A254E0EADE}.Debug|x86.Build.0 = Debug|Any CPU
		{CF0B5E25-A46B-4FEA-8454-35A254E0EADE}.Release|Any CPU.ActiveCfg = Release|Any CPU
		{CF0B5E25-A46B-4FEA-8454-35A254E0EADE}.Release|Any CPU.Build.0 = Release|Any CPU
		{CF0B5E25-A46B-4FEA-8454-35A254E0EADE}.Release|x64.ActiveCfg = Release|Any CPU
		{CF0B5E25-A46B-4FEA-8454-35A254E0EADE}.Release|x64.Build.0 = Release|Any CPU
		{CF0B5E25-A46B-4FEA-8454-35A254E0EADE}.Release|x86.ActiveCfg = Release|Any CPU
		{CF0B5E25-A46B-4FEA-8454-35A254E0EADE}.Release|x86.Build.0 = Release|Any CPU
		{EC3C2C0D-87F7-481A-92FF-F0893C663280}.Debug|Any CPU.ActiveCfg = Debug|Any CPU
		{EC3C2C0D-87F7-481A-92FF-F0893C663280}.Debug|Any CPU.Build.0 = Debug|Any CPU
		{EC3C2C0D-87F7-481A-92FF-F0893C663280}.Debug|x64.ActiveCfg = Debug|Any CPU
		{EC3C2C0D-87F7-481A-92FF-F0893C663280}.Debug|x64.Build.0 = Debug|Any CPU
		{EC3C2C0D-87F7-481A-92FF-F0893C663280}.Debug|x86.ActiveCfg = Debug|Any CPU
		{EC3C2C0D-87F7-481A-92FF-F0893C663280}.Debug|x86.Build.0 = Debug|Any CPU
		{EC3C2C0D-87F7-481A-92FF-F0893C663280}.Release|Any CPU.ActiveCfg = Release|Any CPU
		{EC3C2C0D-87F7-481A-92FF-F0893C663280}.Release|Any CPU.Build.0 = Release|Any CPU
		{EC3C2C0D-87F7-481A-92FF-F0893C663280}.Release|x64.ActiveCfg = Release|Any CPU
		{EC3C2C0D-87F7-481A-92FF-F0893C663280}.Release|x64.Build.0 = Release|Any CPU
		{EC3C2C0D-87F7-481A-92FF-F0893C663280}.Release|x86.ActiveCfg = Release|Any CPU
		{EC3C2C0D-87F7-481A-92FF-F0893C663280}.Release|x86.Build.0 = Release|Any CPU
		{C0469210-7EA3-45B8-BAAE-5743CA48B6B8}.Debug|Any CPU.ActiveCfg = Debug|Any CPU
		{C0469210-7EA3-45B8-BAAE-5743CA48B6B8}.Debug|Any CPU.Build.0 = Debug|Any CPU
		{C0469210-7EA3-45B8-BAAE-5743CA48B6B8}.Debug|x64.ActiveCfg = Debug|Any CPU
		{C0469210-7EA3-45B8-BAAE-5743CA48B6B8}.Debug|x64.Build.0 = Debug|Any CPU
		{C0469210-7EA3-45B8-BAAE-5743CA48B6B8}.Debug|x86.ActiveCfg = Debug|Any CPU
		{C0469210-7EA3-45B8-BAAE-5743CA48B6B8}.Debug|x86.Build.0 = Debug|Any CPU
		{C0469210-7EA3-45B8-BAAE-5743CA48B6B8}.Release|Any CPU.ActiveCfg = Release|Any CPU
		{C0469210-7EA3-45B8-BAAE-5743CA48B6B8}.Release|Any CPU.Build.0 = Release|Any CPU
		{C0469210-7EA3-45B8-BAAE-5743CA48B6B8}.Release|x64.ActiveCfg = Release|Any CPU
		{C0469210-7EA3-45B8-BAAE-5743CA48B6B8}.Release|x64.Build.0 = Release|Any CPU
		{C0469210-7EA3-45B8-BAAE-5743CA48B6B8}.Release|x86.ActiveCfg = Release|Any CPU
		{C0469210-7EA3-45B8-BAAE-5743CA48B6B8}.Release|x86.Build.0 = Release|Any CPU
		{62A4D2D6-1886-41A6-BF63-9F396CC60ADC}.Debug|Any CPU.ActiveCfg = Debug|Any CPU
		{62A4D2D6-1886-41A6-BF63-9F396CC60ADC}.Debug|Any CPU.Build.0 = Debug|Any CPU
		{62A4D2D6-1886-41A6-BF63-9F396CC60ADC}.Debug|x64.ActiveCfg = Debug|Any CPU
		{62A4D2D6-1886-41A6-BF63-9F396CC60ADC}.Debug|x64.Build.0 = Debug|Any CPU
		{62A4D2D6-1886-41A6-BF63-9F396CC60ADC}.Debug|x86.ActiveCfg = Debug|Any CPU
		{62A4D2D6-1886-41A6-BF63-9F396CC60ADC}.Debug|x86.Build.0 = Debug|Any CPU
		{62A4D2D6-1886-41A6-BF63-9F396CC60ADC}.Release|Any CPU.ActiveCfg = Release|Any CPU
		{62A4D2D6-1886-41A6-BF63-9F396CC60ADC}.Release|Any CPU.Build.0 = Release|Any CPU
		{62A4D2D6-1886-41A6-BF63-9F396CC60ADC}.Release|x64.ActiveCfg = Release|Any CPU
		{62A4D2D6-1886-41A6-BF63-9F396CC60ADC}.Release|x64.Build.0 = Release|Any CPU
		{62A4D2D6-1886-41A6-BF63-9F396CC60ADC}.Release|x86.ActiveCfg = Release|Any CPU
		{62A4D2D6-1886-41A6-BF63-9F396CC60ADC}.Release|x86.Build.0 = Release|Any CPU
		{ABC4A68B-237D-4426-90C8-CD2C4D2D4257}.Debug|Any CPU.ActiveCfg = Debug|Any CPU
		{ABC4A68B-237D-4426-90C8-CD2C4D2D4257}.Debug|Any CPU.Build.0 = Debug|Any CPU
		{ABC4A68B-237D-4426-90C8-CD2C4D2D4257}.Debug|x64.ActiveCfg = Debug|Any CPU
		{ABC4A68B-237D-4426-90C8-CD2C4D2D4257}.Debug|x64.Build.0 = Debug|Any CPU
		{ABC4A68B-237D-4426-90C8-CD2C4D2D4257}.Debug|x86.ActiveCfg = Debug|Any CPU
		{ABC4A68B-237D-4426-90C8-CD2C4D2D4257}.Debug|x86.Build.0 = Debug|Any CPU
		{ABC4A68B-237D-4426-90C8-CD2C4D2D4257}.Release|Any CPU.ActiveCfg = Release|Any CPU
		{ABC4A68B-237D-4426-90C8-CD2C4D2D4257}.Release|Any CPU.Build.0 = Release|Any CPU
		{ABC4A68B-237D-4426-90C8-CD2C4D2D4257}.Release|x64.ActiveCfg = Release|Any CPU
		{ABC4A68B-237D-4426-90C8-CD2C4D2D4257}.Release|x64.Build.0 = Release|Any CPU
		{ABC4A68B-237D-4426-90C8-CD2C4D2D4257}.Release|x86.ActiveCfg = Release|Any CPU
		{ABC4A68B-237D-4426-90C8-CD2C4D2D4257}.Release|x86.Build.0 = Release|Any CPU
		{2C622B19-EA76-4E24-A964-7DFB2B97DADA}.Debug|Any CPU.ActiveCfg = Debug|Any CPU
		{2C622B19-EA76-4E24-A964-7DFB2B97DADA}.Debug|Any CPU.Build.0 = Debug|Any CPU
		{2C622B19-EA76-4E24-A964-7DFB2B97DADA}.Debug|x64.ActiveCfg = Debug|Any CPU
		{2C622B19-EA76-4E24-A964-7DFB2B97DADA}.Debug|x64.Build.0 = Debug|Any CPU
		{2C622B19-EA76-4E24-A964-7DFB2B97DADA}.Debug|x86.ActiveCfg = Debug|Any CPU
		{2C622B19-EA76-4E24-A964-7DFB2B97DADA}.Debug|x86.Build.0 = Debug|Any CPU
		{2C622B19-EA76-4E24-A964-7DFB2B97DADA}.Release|Any CPU.ActiveCfg = Release|Any CPU
		{2C622B19-EA76-4E24-A964-7DFB2B97DADA}.Release|Any CPU.Build.0 = Release|Any CPU
		{2C622B19-EA76-4E24-A964-7DFB2B97DADA}.Release|x64.ActiveCfg = Release|Any CPU
		{2C622B19-EA76-4E24-A964-7DFB2B97DADA}.Release|x64.Build.0 = Release|Any CPU
		{2C622B19-EA76-4E24-A964-7DFB2B97DADA}.Release|x86.ActiveCfg = Release|Any CPU
		{2C622B19-EA76-4E24-A964-7DFB2B97DADA}.Release|x86.Build.0 = Release|Any CPU
		{1CC2A45B-D192-45E8-8DC3-4350327A0196}.Debug|Any CPU.ActiveCfg = Debug|Any CPU
		{1CC2A45B-D192-45E8-8DC3-4350327A0196}.Debug|Any CPU.Build.0 = Debug|Any CPU
		{1CC2A45B-D192-45E8-8DC3-4350327A0196}.Debug|x64.ActiveCfg = Debug|Any CPU
		{1CC2A45B-D192-45E8-8DC3-4350327A0196}.Debug|x64.Build.0 = Debug|Any CPU
		{1CC2A45B-D192-45E8-8DC3-4350327A0196}.Debug|x86.ActiveCfg = Debug|Any CPU
		{1CC2A45B-D192-45E8-8DC3-4350327A0196}.Debug|x86.Build.0 = Debug|Any CPU
		{1CC2A45B-D192-45E8-8DC3-4350327A0196}.Release|Any CPU.ActiveCfg = Release|Any CPU
		{1CC2A45B-D192-45E8-8DC3-4350327A0196}.Release|Any CPU.Build.0 = Release|Any CPU
		{1CC2A45B-D192-45E8-8DC3-4350327A0196}.Release|x64.ActiveCfg = Release|Any CPU
		{1CC2A45B-D192-45E8-8DC3-4350327A0196}.Release|x64.Build.0 = Release|Any CPU
		{1CC2A45B-D192-45E8-8DC3-4350327A0196}.Release|x86.ActiveCfg = Release|Any CPU
		{1CC2A45B-D192-45E8-8DC3-4350327A0196}.Release|x86.Build.0 = Release|Any CPU
		{91B36D0C-9523-4055-9E97-B21E748A04DA}.Debug|Any CPU.ActiveCfg = Debug|Any CPU
		{91B36D0C-9523-4055-9E97-B21E748A04DA}.Debug|Any CPU.Build.0 = Debug|Any CPU
		{91B36D0C-9523-4055-9E97-B21E748A04DA}.Debug|x64.ActiveCfg = Debug|Any CPU
		{91B36D0C-9523-4055-9E97-B21E748A04DA}.Debug|x64.Build.0 = Debug|Any CPU
		{91B36D0C-9523-4055-9E97-B21E748A04DA}.Debug|x86.ActiveCfg = Debug|Any CPU
		{91B36D0C-9523-4055-9E97-B21E748A04DA}.Debug|x86.Build.0 = Debug|Any CPU
		{91B36D0C-9523-4055-9E97-B21E748A04DA}.Release|Any CPU.ActiveCfg = Release|Any CPU
		{91B36D0C-9523-4055-9E97-B21E748A04DA}.Release|Any CPU.Build.0 = Release|Any CPU
		{91B36D0C-9523-4055-9E97-B21E748A04DA}.Release|x64.ActiveCfg = Release|Any CPU
		{91B36D0C-9523-4055-9E97-B21E748A04DA}.Release|x64.Build.0 = Release|Any CPU
		{91B36D0C-9523-4055-9E97-B21E748A04DA}.Release|x86.ActiveCfg = Release|Any CPU
		{91B36D0C-9523-4055-9E97-B21E748A04DA}.Release|x86.Build.0 = Release|Any CPU
		{7D24C539-10F6-4439-81EC-09EC81FFF15D}.Debug|Any CPU.ActiveCfg = Debug|Any CPU
		{7D24C539-10F6-4439-81EC-09EC81FFF15D}.Debug|Any CPU.Build.0 = Debug|Any CPU
		{7D24C539-10F6-4439-81EC-09EC81FFF15D}.Debug|x64.ActiveCfg = Debug|Any CPU
		{7D24C539-10F6-4439-81EC-09EC81FFF15D}.Debug|x64.Build.0 = Debug|Any CPU
		{7D24C539-10F6-4439-81EC-09EC81FFF15D}.Debug|x86.ActiveCfg = Debug|Any CPU
		{7D24C539-10F6-4439-81EC-09EC81FFF15D}.Debug|x86.Build.0 = Debug|Any CPU
		{7D24C539-10F6-4439-81EC-09EC81FFF15D}.Release|Any CPU.ActiveCfg = Release|Any CPU
		{7D24C539-10F6-4439-81EC-09EC81FFF15D}.Release|Any CPU.Build.0 = Release|Any CPU
		{7D24C539-10F6-4439-81EC-09EC81FFF15D}.Release|x64.ActiveCfg = Release|Any CPU
		{7D24C539-10F6-4439-81EC-09EC81FFF15D}.Release|x64.Build.0 = Release|Any CPU
		{7D24C539-10F6-4439-81EC-09EC81FFF15D}.Release|x86.ActiveCfg = Release|Any CPU
		{7D24C539-10F6-4439-81EC-09EC81FFF15D}.Release|x86.Build.0 = Release|Any CPU
		{D3BC844E-5E59-410C-AB3E-B77D83148065}.Debug|Any CPU.ActiveCfg = Debug|Any CPU
		{D3BC844E-5E59-410C-AB3E-B77D83148065}.Debug|Any CPU.Build.0 = Debug|Any CPU
		{D3BC844E-5E59-410C-AB3E-B77D83148065}.Debug|x64.ActiveCfg = Debug|Any CPU
		{D3BC844E-5E59-410C-AB3E-B77D83148065}.Debug|x64.Build.0 = Debug|Any CPU
		{D3BC844E-5E59-410C-AB3E-B77D83148065}.Debug|x86.ActiveCfg = Debug|Any CPU
		{D3BC844E-5E59-410C-AB3E-B77D83148065}.Debug|x86.Build.0 = Debug|Any CPU
		{D3BC844E-5E59-410C-AB3E-B77D83148065}.Release|Any CPU.ActiveCfg = Release|Any CPU
		{D3BC844E-5E59-410C-AB3E-B77D83148065}.Release|Any CPU.Build.0 = Release|Any CPU
		{D3BC844E-5E59-410C-AB3E-B77D83148065}.Release|x64.ActiveCfg = Release|Any CPU
		{D3BC844E-5E59-410C-AB3E-B77D83148065}.Release|x64.Build.0 = Release|Any CPU
		{D3BC844E-5E59-410C-AB3E-B77D83148065}.Release|x86.ActiveCfg = Release|Any CPU
		{D3BC844E-5E59-410C-AB3E-B77D83148065}.Release|x86.Build.0 = Release|Any CPU
		{9AB3435D-1FB9-4C36-B465-BCA6E554CFF2}.Debug|Any CPU.ActiveCfg = Debug|Any CPU
		{9AB3435D-1FB9-4C36-B465-BCA6E554CFF2}.Debug|Any CPU.Build.0 = Debug|Any CPU
		{9AB3435D-1FB9-4C36-B465-BCA6E554CFF2}.Debug|x64.ActiveCfg = Debug|Any CPU
		{9AB3435D-1FB9-4C36-B465-BCA6E554CFF2}.Debug|x64.Build.0 = Debug|Any CPU
		{9AB3435D-1FB9-4C36-B465-BCA6E554CFF2}.Debug|x86.ActiveCfg = Debug|Any CPU
		{9AB3435D-1FB9-4C36-B465-BCA6E554CFF2}.Debug|x86.Build.0 = Debug|Any CPU
		{9AB3435D-1FB9-4C36-B465-BCA6E554CFF2}.Release|Any CPU.ActiveCfg = Release|Any CPU
		{9AB3435D-1FB9-4C36-B465-BCA6E554CFF2}.Release|Any CPU.Build.0 = Release|Any CPU
		{9AB3435D-1FB9-4C36-B465-BCA6E554CFF2}.Release|x64.ActiveCfg = Release|Any CPU
		{9AB3435D-1FB9-4C36-B465-BCA6E554CFF2}.Release|x64.Build.0 = Release|Any CPU
		{9AB3435D-1FB9-4C36-B465-BCA6E554CFF2}.Release|x86.ActiveCfg = Release|Any CPU
		{9AB3435D-1FB9-4C36-B465-BCA6E554CFF2}.Release|x86.Build.0 = Release|Any CPU
		{BD406F65-EA1C-4A58-AED6-B94AF77AE746}.Debug|Any CPU.ActiveCfg = Debug|Any CPU
		{BD406F65-EA1C-4A58-AED6-B94AF77AE746}.Debug|Any CPU.Build.0 = Debug|Any CPU
		{BD406F65-EA1C-4A58-AED6-B94AF77AE746}.Debug|x64.ActiveCfg = Debug|Any CPU
		{BD406F65-EA1C-4A58-AED6-B94AF77AE746}.Debug|x64.Build.0 = Debug|Any CPU
		{BD406F65-EA1C-4A58-AED6-B94AF77AE746}.Debug|x86.ActiveCfg = Debug|Any CPU
		{BD406F65-EA1C-4A58-AED6-B94AF77AE746}.Debug|x86.Build.0 = Debug|Any CPU
		{BD406F65-EA1C-4A58-AED6-B94AF77AE746}.Release|Any CPU.ActiveCfg = Release|Any CPU
		{BD406F65-EA1C-4A58-AED6-B94AF77AE746}.Release|Any CPU.Build.0 = Release|Any CPU
		{BD406F65-EA1C-4A58-AED6-B94AF77AE746}.Release|x64.ActiveCfg = Release|Any CPU
		{BD406F65-EA1C-4A58-AED6-B94AF77AE746}.Release|x64.Build.0 = Release|Any CPU
		{BD406F65-EA1C-4A58-AED6-B94AF77AE746}.Release|x86.ActiveCfg = Release|Any CPU
		{BD406F65-EA1C-4A58-AED6-B94AF77AE746}.Release|x86.Build.0 = Release|Any CPU
		{69E97057-9C85-42CA-9D1F-8FEE544E4DC5}.Debug|Any CPU.ActiveCfg = Debug|Any CPU
		{69E97057-9C85-42CA-9D1F-8FEE544E4DC5}.Debug|Any CPU.Build.0 = Debug|Any CPU
		{69E97057-9C85-42CA-9D1F-8FEE544E4DC5}.Debug|x64.ActiveCfg = Debug|Any CPU
		{69E97057-9C85-42CA-9D1F-8FEE544E4DC5}.Debug|x64.Build.0 = Debug|Any CPU
		{69E97057-9C85-42CA-9D1F-8FEE544E4DC5}.Debug|x86.ActiveCfg = Debug|Any CPU
		{69E97057-9C85-42CA-9D1F-8FEE544E4DC5}.Debug|x86.Build.0 = Debug|Any CPU
		{69E97057-9C85-42CA-9D1F-8FEE544E4DC5}.Release|Any CPU.ActiveCfg = Release|Any CPU
		{69E97057-9C85-42CA-9D1F-8FEE544E4DC5}.Release|Any CPU.Build.0 = Release|Any CPU
		{69E97057-9C85-42CA-9D1F-8FEE544E4DC5}.Release|x64.ActiveCfg = Release|Any CPU
		{69E97057-9C85-42CA-9D1F-8FEE544E4DC5}.Release|x64.Build.0 = Release|Any CPU
		{69E97057-9C85-42CA-9D1F-8FEE544E4DC5}.Release|x86.ActiveCfg = Release|Any CPU
		{69E97057-9C85-42CA-9D1F-8FEE544E4DC5}.Release|x86.Build.0 = Release|Any CPU
		{8C07A93A-A76F-4E22-8E9C-56B65594AA80}.Debug|Any CPU.ActiveCfg = Debug|Any CPU
		{8C07A93A-A76F-4E22-8E9C-56B65594AA80}.Debug|Any CPU.Build.0 = Debug|Any CPU
		{8C07A93A-A76F-4E22-8E9C-56B65594AA80}.Debug|x64.ActiveCfg = Debug|Any CPU
		{8C07A93A-A76F-4E22-8E9C-56B65594AA80}.Debug|x64.Build.0 = Debug|Any CPU
		{8C07A93A-A76F-4E22-8E9C-56B65594AA80}.Debug|x86.ActiveCfg = Debug|Any CPU
		{8C07A93A-A76F-4E22-8E9C-56B65594AA80}.Debug|x86.Build.0 = Debug|Any CPU
		{8C07A93A-A76F-4E22-8E9C-56B65594AA80}.Release|Any CPU.ActiveCfg = Release|Any CPU
		{8C07A93A-A76F-4E22-8E9C-56B65594AA80}.Release|Any CPU.Build.0 = Release|Any CPU
		{8C07A93A-A76F-4E22-8E9C-56B65594AA80}.Release|x64.ActiveCfg = Release|Any CPU
		{8C07A93A-A76F-4E22-8E9C-56B65594AA80}.Release|x64.Build.0 = Release|Any CPU
		{8C07A93A-A76F-4E22-8E9C-56B65594AA80}.Release|x86.ActiveCfg = Release|Any CPU
		{8C07A93A-A76F-4E22-8E9C-56B65594AA80}.Release|x86.Build.0 = Release|Any CPU
		{DCCEB4EC-9A4B-48C4-8DDA-9296D8439B42}.Debug|Any CPU.ActiveCfg = Debug|Any CPU
		{DCCEB4EC-9A4B-48C4-8DDA-9296D8439B42}.Debug|Any CPU.Build.0 = Debug|Any CPU
		{DCCEB4EC-9A4B-48C4-8DDA-9296D8439B42}.Debug|x64.ActiveCfg = Debug|Any CPU
		{DCCEB4EC-9A4B-48C4-8DDA-9296D8439B42}.Debug|x64.Build.0 = Debug|Any CPU
		{DCCEB4EC-9A4B-48C4-8DDA-9296D8439B42}.Debug|x86.ActiveCfg = Debug|Any CPU
		{DCCEB4EC-9A4B-48C4-8DDA-9296D8439B42}.Debug|x86.Build.0 = Debug|Any CPU
		{DCCEB4EC-9A4B-48C4-8DDA-9296D8439B42}.Release|Any CPU.ActiveCfg = Release|Any CPU
		{DCCEB4EC-9A4B-48C4-8DDA-9296D8439B42}.Release|Any CPU.Build.0 = Release|Any CPU
		{DCCEB4EC-9A4B-48C4-8DDA-9296D8439B42}.Release|x64.ActiveCfg = Release|Any CPU
		{DCCEB4EC-9A4B-48C4-8DDA-9296D8439B42}.Release|x64.Build.0 = Release|Any CPU
		{DCCEB4EC-9A4B-48C4-8DDA-9296D8439B42}.Release|x86.ActiveCfg = Release|Any CPU
		{DCCEB4EC-9A4B-48C4-8DDA-9296D8439B42}.Release|x86.Build.0 = Release|Any CPU
		{D370FA0D-6CCA-4708-8788-118C1A12D6EA}.Debug|Any CPU.ActiveCfg = Debug|Any CPU
		{D370FA0D-6CCA-4708-8788-118C1A12D6EA}.Debug|Any CPU.Build.0 = Debug|Any CPU
		{D370FA0D-6CCA-4708-8788-118C1A12D6EA}.Debug|x64.ActiveCfg = Debug|Any CPU
		{D370FA0D-6CCA-4708-8788-118C1A12D6EA}.Debug|x64.Build.0 = Debug|Any CPU
		{D370FA0D-6CCA-4708-8788-118C1A12D6EA}.Debug|x86.ActiveCfg = Debug|Any CPU
		{D370FA0D-6CCA-4708-8788-118C1A12D6EA}.Debug|x86.Build.0 = Debug|Any CPU
		{D370FA0D-6CCA-4708-8788-118C1A12D6EA}.Release|Any CPU.ActiveCfg = Release|Any CPU
		{D370FA0D-6CCA-4708-8788-118C1A12D6EA}.Release|Any CPU.Build.0 = Release|Any CPU
		{D370FA0D-6CCA-4708-8788-118C1A12D6EA}.Release|x64.ActiveCfg = Release|Any CPU
		{D370FA0D-6CCA-4708-8788-118C1A12D6EA}.Release|x64.Build.0 = Release|Any CPU
		{D370FA0D-6CCA-4708-8788-118C1A12D6EA}.Release|x86.ActiveCfg = Release|Any CPU
		{D370FA0D-6CCA-4708-8788-118C1A12D6EA}.Release|x86.Build.0 = Release|Any CPU
		{3AB11ED8-7092-4544-BA8E-EAAB23E2BD74}.Debug|Any CPU.ActiveCfg = Debug|Any CPU
		{3AB11ED8-7092-4544-BA8E-EAAB23E2BD74}.Debug|Any CPU.Build.0 = Debug|Any CPU
		{3AB11ED8-7092-4544-BA8E-EAAB23E2BD74}.Debug|x64.ActiveCfg = Debug|Any CPU
		{3AB11ED8-7092-4544-BA8E-EAAB23E2BD74}.Debug|x64.Build.0 = Debug|Any CPU
		{3AB11ED8-7092-4544-BA8E-EAAB23E2BD74}.Debug|x86.ActiveCfg = Debug|Any CPU
		{3AB11ED8-7092-4544-BA8E-EAAB23E2BD74}.Debug|x86.Build.0 = Debug|Any CPU
		{3AB11ED8-7092-4544-BA8E-EAAB23E2BD74}.Release|Any CPU.ActiveCfg = Release|Any CPU
		{3AB11ED8-7092-4544-BA8E-EAAB23E2BD74}.Release|Any CPU.Build.0 = Release|Any CPU
		{3AB11ED8-7092-4544-BA8E-EAAB23E2BD74}.Release|x64.ActiveCfg = Release|Any CPU
		{3AB11ED8-7092-4544-BA8E-EAAB23E2BD74}.Release|x64.Build.0 = Release|Any CPU
		{3AB11ED8-7092-4544-BA8E-EAAB23E2BD74}.Release|x86.ActiveCfg = Release|Any CPU
		{3AB11ED8-7092-4544-BA8E-EAAB23E2BD74}.Release|x86.Build.0 = Release|Any CPU
		{63344235-B948-4416-B7DE-AF6865C4D978}.Debug|Any CPU.ActiveCfg = Debug|Any CPU
		{63344235-B948-4416-B7DE-AF6865C4D978}.Debug|Any CPU.Build.0 = Debug|Any CPU
		{63344235-B948-4416-B7DE-AF6865C4D978}.Debug|x64.ActiveCfg = Debug|Any CPU
		{63344235-B948-4416-B7DE-AF6865C4D978}.Debug|x64.Build.0 = Debug|Any CPU
		{63344235-B948-4416-B7DE-AF6865C4D978}.Debug|x86.ActiveCfg = Debug|Any CPU
		{63344235-B948-4416-B7DE-AF6865C4D978}.Debug|x86.Build.0 = Debug|Any CPU
		{63344235-B948-4416-B7DE-AF6865C4D978}.Release|Any CPU.ActiveCfg = Release|Any CPU
		{63344235-B948-4416-B7DE-AF6865C4D978}.Release|Any CPU.Build.0 = Release|Any CPU
		{63344235-B948-4416-B7DE-AF6865C4D978}.Release|x64.ActiveCfg = Release|Any CPU
		{63344235-B948-4416-B7DE-AF6865C4D978}.Release|x64.Build.0 = Release|Any CPU
		{63344235-B948-4416-B7DE-AF6865C4D978}.Release|x86.ActiveCfg = Release|Any CPU
		{63344235-B948-4416-B7DE-AF6865C4D978}.Release|x86.Build.0 = Release|Any CPU
		{52417BC4-F62A-4211-884B-1642D25CAAB6}.Debug|Any CPU.ActiveCfg = Debug|Any CPU
		{52417BC4-F62A-4211-884B-1642D25CAAB6}.Debug|Any CPU.Build.0 = Debug|Any CPU
		{52417BC4-F62A-4211-884B-1642D25CAAB6}.Debug|x64.ActiveCfg = Debug|Any CPU
		{52417BC4-F62A-4211-884B-1642D25CAAB6}.Debug|x64.Build.0 = Debug|Any CPU
		{52417BC4-F62A-4211-884B-1642D25CAAB6}.Debug|x86.ActiveCfg = Debug|Any CPU
		{52417BC4-F62A-4211-884B-1642D25CAAB6}.Debug|x86.Build.0 = Debug|Any CPU
		{52417BC4-F62A-4211-884B-1642D25CAAB6}.Release|Any CPU.ActiveCfg = Release|Any CPU
		{52417BC4-F62A-4211-884B-1642D25CAAB6}.Release|Any CPU.Build.0 = Release|Any CPU
		{52417BC4-F62A-4211-884B-1642D25CAAB6}.Release|x64.ActiveCfg = Release|Any CPU
		{52417BC4-F62A-4211-884B-1642D25CAAB6}.Release|x64.Build.0 = Release|Any CPU
		{52417BC4-F62A-4211-884B-1642D25CAAB6}.Release|x86.ActiveCfg = Release|Any CPU
		{52417BC4-F62A-4211-884B-1642D25CAAB6}.Release|x86.Build.0 = Release|Any CPU
		{B3E8C188-E3DB-45CB-98B2-7EE7FF2361B3}.Debug|Any CPU.ActiveCfg = Debug|Any CPU
		{B3E8C188-E3DB-45CB-98B2-7EE7FF2361B3}.Debug|Any CPU.Build.0 = Debug|Any CPU
		{B3E8C188-E3DB-45CB-98B2-7EE7FF2361B3}.Debug|x64.ActiveCfg = Debug|Any CPU
		{B3E8C188-E3DB-45CB-98B2-7EE7FF2361B3}.Debug|x64.Build.0 = Debug|Any CPU
		{B3E8C188-E3DB-45CB-98B2-7EE7FF2361B3}.Debug|x86.ActiveCfg = Debug|Any CPU
		{B3E8C188-E3DB-45CB-98B2-7EE7FF2361B3}.Debug|x86.Build.0 = Debug|Any CPU
		{B3E8C188-E3DB-45CB-98B2-7EE7FF2361B3}.Release|Any CPU.ActiveCfg = Release|Any CPU
		{B3E8C188-E3DB-45CB-98B2-7EE7FF2361B3}.Release|Any CPU.Build.0 = Release|Any CPU
		{B3E8C188-E3DB-45CB-98B2-7EE7FF2361B3}.Release|x64.ActiveCfg = Release|Any CPU
		{B3E8C188-E3DB-45CB-98B2-7EE7FF2361B3}.Release|x64.Build.0 = Release|Any CPU
		{B3E8C188-E3DB-45CB-98B2-7EE7FF2361B3}.Release|x86.ActiveCfg = Release|Any CPU
		{B3E8C188-E3DB-45CB-98B2-7EE7FF2361B3}.Release|x86.Build.0 = Release|Any CPU
		{CB0553BE-F589-46B4-BBBB-E6B7D6CBB8CE}.Debug|Any CPU.ActiveCfg = Debug|Any CPU
		{CB0553BE-F589-46B4-BBBB-E6B7D6CBB8CE}.Debug|Any CPU.Build.0 = Debug|Any CPU
		{CB0553BE-F589-46B4-BBBB-E6B7D6CBB8CE}.Debug|x64.ActiveCfg = Debug|Any CPU
		{CB0553BE-F589-46B4-BBBB-E6B7D6CBB8CE}.Debug|x64.Build.0 = Debug|Any CPU
		{CB0553BE-F589-46B4-BBBB-E6B7D6CBB8CE}.Debug|x86.ActiveCfg = Debug|Any CPU
		{CB0553BE-F589-46B4-BBBB-E6B7D6CBB8CE}.Debug|x86.Build.0 = Debug|Any CPU
		{CB0553BE-F589-46B4-BBBB-E6B7D6CBB8CE}.Release|Any CPU.ActiveCfg = Release|Any CPU
		{CB0553BE-F589-46B4-BBBB-E6B7D6CBB8CE}.Release|Any CPU.Build.0 = Release|Any CPU
		{CB0553BE-F589-46B4-BBBB-E6B7D6CBB8CE}.Release|x64.ActiveCfg = Release|Any CPU
		{CB0553BE-F589-46B4-BBBB-E6B7D6CBB8CE}.Release|x64.Build.0 = Release|Any CPU
		{CB0553BE-F589-46B4-BBBB-E6B7D6CBB8CE}.Release|x86.ActiveCfg = Release|Any CPU
		{CB0553BE-F589-46B4-BBBB-E6B7D6CBB8CE}.Release|x86.Build.0 = Release|Any CPU
		{6873FB6A-64E5-4959-B5F3-F9473C6078DF}.Debug|Any CPU.ActiveCfg = Debug|Any CPU
		{6873FB6A-64E5-4959-B5F3-F9473C6078DF}.Debug|Any CPU.Build.0 = Debug|Any CPU
		{6873FB6A-64E5-4959-B5F3-F9473C6078DF}.Debug|x64.ActiveCfg = Debug|Any CPU
		{6873FB6A-64E5-4959-B5F3-F9473C6078DF}.Debug|x64.Build.0 = Debug|Any CPU
		{6873FB6A-64E5-4959-B5F3-F9473C6078DF}.Debug|x86.ActiveCfg = Debug|Any CPU
		{6873FB6A-64E5-4959-B5F3-F9473C6078DF}.Debug|x86.Build.0 = Debug|Any CPU
		{6873FB6A-64E5-4959-B5F3-F9473C6078DF}.Release|Any CPU.ActiveCfg = Release|Any CPU
		{6873FB6A-64E5-4959-B5F3-F9473C6078DF}.Release|Any CPU.Build.0 = Release|Any CPU
		{6873FB6A-64E5-4959-B5F3-F9473C6078DF}.Release|x64.ActiveCfg = Release|Any CPU
		{6873FB6A-64E5-4959-B5F3-F9473C6078DF}.Release|x64.Build.0 = Release|Any CPU
		{6873FB6A-64E5-4959-B5F3-F9473C6078DF}.Release|x86.ActiveCfg = Release|Any CPU
		{6873FB6A-64E5-4959-B5F3-F9473C6078DF}.Release|x86.Build.0 = Release|Any CPU
		{0E27812F-487B-4E38-8D39-B3106F28A69A}.Debug|Any CPU.ActiveCfg = Debug|Any CPU
		{0E27812F-487B-4E38-8D39-B3106F28A69A}.Debug|Any CPU.Build.0 = Debug|Any CPU
		{0E27812F-487B-4E38-8D39-B3106F28A69A}.Debug|x64.ActiveCfg = Debug|Any CPU
		{0E27812F-487B-4E38-8D39-B3106F28A69A}.Debug|x64.Build.0 = Debug|Any CPU
		{0E27812F-487B-4E38-8D39-B3106F28A69A}.Debug|x86.ActiveCfg = Debug|Any CPU
		{0E27812F-487B-4E38-8D39-B3106F28A69A}.Debug|x86.Build.0 = Debug|Any CPU
		{0E27812F-487B-4E38-8D39-B3106F28A69A}.Release|Any CPU.ActiveCfg = Release|Any CPU
		{0E27812F-487B-4E38-8D39-B3106F28A69A}.Release|Any CPU.Build.0 = Release|Any CPU
		{0E27812F-487B-4E38-8D39-B3106F28A69A}.Release|x64.ActiveCfg = Release|Any CPU
		{0E27812F-487B-4E38-8D39-B3106F28A69A}.Release|x64.Build.0 = Release|Any CPU
		{0E27812F-487B-4E38-8D39-B3106F28A69A}.Release|x86.ActiveCfg = Release|Any CPU
		{0E27812F-487B-4E38-8D39-B3106F28A69A}.Release|x86.Build.0 = Release|Any CPU
	EndGlobalSection
	GlobalSection(SolutionProperties) = preSolution
		HideSolutionNode = FALSE
	EndGlobalSection
	GlobalSection(NestedProjects) = preSolution
		{F9F6448E-22FB-4AB2-9ABA-FA0D8C352F68} = {54C27F26-71CB-9721-02CF-9E5332C2F895}
		{FCD43382-2597-4B67-A95B-74B24ABD6678} = {54C27F26-71CB-9721-02CF-9E5332C2F895}
		{78686F0F-243C-4CC6-9513-4CE42A299778} = {54C27F26-71CB-9721-02CF-9E5332C2F895}
		{E2505265-90C9-41E0-B59F-4EF5C00718F9} = {54C27F26-71CB-9721-02CF-9E5332C2F895}
		{8BBEAF32-185C-47CD-A035-94D9E0C244C3} = {F683A2BF-B18A-76C4-8DFE-125E2E151B1C}
		{7DB43E1D-6CC0-489F-915C-694B08A3D617} = {F683A2BF-B18A-76C4-8DFE-125E2E151B1C}
		{CF0B5E25-A46B-4FEA-8454-35A254E0EADE} = {F683A2BF-B18A-76C4-8DFE-125E2E151B1C}
		{EC3C2C0D-87F7-481A-92FF-F0893C663280} = {F683A2BF-B18A-76C4-8DFE-125E2E151B1C}
		{C0469210-7EA3-45B8-BAAE-5743CA48B6B8} = {BB26DCB3-C984-C138-110B-93319A42B7DC}
		{62A4D2D6-1886-41A6-BF63-9F396CC60ADC} = {BB26DCB3-C984-C138-110B-93319A42B7DC}
		{ABC4A68B-237D-4426-90C8-CD2C4D2D4257} = {BB26DCB3-C984-C138-110B-93319A42B7DC}
		{2C622B19-EA76-4E24-A964-7DFB2B97DADA} = {BB26DCB3-C984-C138-110B-93319A42B7DC}
		{1CC2A45B-D192-45E8-8DC3-4350327A0196} = {0BAE62A9-2200-0262-2CB5-8EE825167370}
		{91B36D0C-9523-4055-9E97-B21E748A04DA} = {0BAE62A9-2200-0262-2CB5-8EE825167370}
		{7D24C539-10F6-4439-81EC-09EC81FFF15D} = {0BAE62A9-2200-0262-2CB5-8EE825167370}
		{D3BC844E-5E59-410C-AB3E-B77D83148065} = {0BAE62A9-2200-0262-2CB5-8EE825167370}
		{9AB3435D-1FB9-4C36-B465-BCA6E554CFF2} = {0DC46BCA-E012-2640-625E-836CBB628842}
		{BD406F65-EA1C-4A58-AED6-B94AF77AE746} = {067C75A1-E974-9F51-AC57-C784B5F5A818}
		{69E97057-9C85-42CA-9D1F-8FEE544E4DC5} = {067C75A1-E974-9F51-AC57-C784B5F5A818}
		{8C07A93A-A76F-4E22-8E9C-56B65594AA80} = {067C75A1-E974-9F51-AC57-C784B5F5A818}
		{DCCEB4EC-9A4B-48C4-8DDA-9296D8439B42} = {067C75A1-E974-9F51-AC57-C784B5F5A818}
		{D370FA0D-6CCA-4708-8788-118C1A12D6EA} = {C0127DB6-3CA8-EE98-7726-A4993E48C5D4}
		{3AB11ED8-7092-4544-BA8E-EAAB23E2BD74} = {C0127DB6-3CA8-EE98-7726-A4993E48C5D4}
		{63344235-B948-4416-B7DE-AF6865C4D978} = {C0127DB6-3CA8-EE98-7726-A4993E48C5D4}
		{52417BC4-F62A-4211-884B-1642D25CAAB6} = {C0127DB6-3CA8-EE98-7726-A4993E48C5D4}
		{B3E8C188-E3DB-45CB-98B2-7EE7FF2361B3} = {70A08999-9CF1-44EE-B74A-624E0C8E2ADA}
		{CB0553BE-F589-46B4-BBBB-E6B7D6CBB8CE} = {70A08999-9CF1-44EE-B74A-624E0C8E2ADA}
		{6873FB6A-64E5-4959-B5F3-F9473C6078DF} = {70A08999-9CF1-44EE-B74A-624E0C8E2ADA}
		{0E27812F-487B-4E38-8D39-B3106F28A69A} = {70A08999-9CF1-44EE-B74A-624E0C8E2ADA}
	EndGlobalSection
	GlobalSection(NestedProjects) = preSolution
						{F9F6448E-22FB-4AB2-9ABA-FA0D8C352F68} = {54C27F26-71CB-9721-02CF-9E5332C2F895}
						{FCD43382-2597-4B67-A95B-74B24ABD6678} = {54C27F26-71CB-9721-02CF-9E5332C2F895}
						{78686F0F-243C-4CC6-9513-4CE42A299778} = {54C27F26-71CB-9721-02CF-9E5332C2F895}
						{E2505265-90C9-41E0-B59F-4EF5C00718F9} = {54C27F26-71CB-9721-02CF-9E5332C2F895}
						{8BBEAF32-185C-47CD-A035-94D9E0C244C3} = {F683A2BF-B18A-76C4-8DFE-125E2E151B1C}
						{7DB43E1D-6CC0-489F-915C-694B08A3D617} = {F683A2BF-B18A-76C4-8DFE-125E2E151B1C}
						{CF0B5E25-A46B-4FEA-8454-35A254E0EADE} = {F683A2BF-B18A-76C4-8DFE-125E2E151B1C}
						{EC3C2C0D-87F7-481A-92FF-F0893C663280} = {F683A2BF-B18A-76C4-8DFE-125E2E151B1C}
						{9AB3435D-1FB9-4C36-B465-BCA6E554CFF2} = {0DC46BCA-E012-2640-625E-836CBB628842}
												{BD406F65-EA1C-4A58-AED6-B94AF77AE746} = {067C75A1-E974-9F51-AC57-C784B5F5A818}
												{69E97057-9C85-42CA-9D1F-8FEE544E4DC5} = {067C75A1-E974-9F51-AC57-C784B5F5A818}
												{8C07A93A-A76F-4E22-8E9C-56B65594AA80} = {067C75A1-E974-9F51-AC57-C784B5F5A818}
												{DCCEB4EC-9A4B-48C4-8DDA-9296D8439B42} = {067C75A1-E974-9F51-AC57-C784B5F5A818}
	EndGlobalSection
EndGlobal
