
Microsoft Visual Studio Solution File, Format Version 12.00
# Visual Studio Version 17
VisualStudioVersion = 17.12.35707.178
MinimumVisualStudioVersion = 10.0.40219.1
Project("{FAE04EC0-301F-11D3-BF4B-00C04F79EFBC}") = "CourseService.Domain", "CourseService.Domain\CourseService.Domain.csproj", "{D3D61D47-FFFA-4EE8-A37D-8EA1EC7F55C0}"
EndProject
Project("{FAE04EC0-301F-11D3-BF4B-00C04F79EFBC}") = "CourseService.Application", "CourseService.Application\CourseService.Application.csproj", "{8049F691-FBE7-4145-80A6-3411092328A1}"
EndProject
Project("{FAE04EC0-301F-11D3-BF4B-00C04F79EFBC}") = "CourseService.Infrastructure", "CourseService.Infrastructure\CourseService.Infrastructure.csproj", "{2A27122D-AC0D-4B06-B9F1-E2BE9F30ED62}"
EndProject
Global
	GlobalSection(SolutionConfigurationPlatforms) = preSolution
		Debug|Any CPU = Debug|Any CPU
		Release|Any CPU = Release|Any CPU
	EndGlobalSection
	GlobalSection(ProjectConfigurationPlatforms) = postSolution
		{D3D61D47-FFFA-4EE8-A37D-8EA1EC7F55C0}.Debug|Any CPU.ActiveCfg = Debug|Any CPU
		{D3D61D47-FFFA-4EE8-A37D-8EA1EC7F55C0}.Debug|Any CPU.Build.0 = Debug|Any CPU
		{D3D61D47-FFFA-4EE8-A37D-8EA1EC7F55C0}.Release|Any CPU.ActiveCfg = Release|Any CPU
		{D3D61D47-FFFA-4EE8-A37D-8EA1EC7F55C0}.Release|Any CPU.Build.0 = Release|Any CPU
		{8049F691-FBE7-4145-80A6-3411092328A1}.Debug|Any CPU.ActiveCfg = Debug|Any CPU
		{8049F691-FBE7-4145-80A6-3411092328A1}.Debug|Any CPU.Build.0 = Debug|Any CPU
		{8049F691-FBE7-4145-80A6-3411092328A1}.Release|Any CPU.ActiveCfg = Release|Any CPU
		{8049F691-FBE7-4145-80A6-3411092328A1}.Release|Any CPU.Build.0 = Release|Any CPU
		{2A27122D-AC0D-4B06-B9F1-E2BE9F30ED62}.Debug|Any CPU.ActiveCfg = Debug|Any CPU
		{2A27122D-AC0D-4B06-B9F1-E2BE9F30ED62}.Debug|Any CPU.Build.0 = Debug|Any CPU
		{2A27122D-AC0D-4B06-B9F1-E2BE9F30ED62}.Release|Any CPU.ActiveCfg = Release|Any CPU
		{2A27122D-AC0D-4B06-B9F1-E2BE9F30ED62}.Release|Any CPU.Build.0 = Release|Any CPU
	EndGlobalSection
	GlobalSection(SolutionProperties) = preSolution
		HideSolutionNode = FALSE
	EndGlobalSection
EndGlobal
