
Microsoft Visual Studio Solution File, Format Version 12.00
Project("{FAE04EC0-301F-11D3-BF4B-00C04F79EFBC}") = "ContentService.WebApi", "ContentService.WebApi\ContentService.WebApi.csproj", "{A3A0B41A-A1D4-458D-B989-EC64F07C1D2F}"
EndProject
Project("{FAE04EC0-301F-11D3-BF4B-00C04F79EFBC}") = "ContentService.Domain", "ContentService.Domain\ContentService.Domain.csproj", "{092E07A5-8CA4-47F4-ACD7-2B7D08F319CC}"
EndProject
Project("{FAE04EC0-301F-11D3-BF4B-00C04F79EFBC}") = "ContentService.Application", "ContentService.Application\ContentService.Application.csproj", "{102DD286-AAD8-4FB0-AADE-53B81AACD4E1}"
EndProject
Project("{FAE04EC0-301F-11D3-BF4B-00C04F79EFBC}") = "ContentService.Infrastructure", "ContentService.Infrastructure\ContentService.Infrastructure.csproj", "{FE9082FD-B50F-450B-95F2-3318861C4B00}"
EndProject
Global
	GlobalSection(SolutionConfigurationPlatforms) = preSolution
		Debug|Any CPU = Debug|Any CPU
		Release|Any CPU = Release|Any CPU
	EndGlobalSection
	GlobalSection(ProjectConfigurationPlatforms) = postSolution
		{A3A0B41A-A1D4-458D-B989-EC64F07C1D2F}.Debug|Any CPU.ActiveCfg = Debug|Any CPU
		{A3A0B41A-A1D4-458D-B989-EC64F07C1D2F}.Debug|Any CPU.Build.0 = Debug|Any CPU
		{A3A0B41A-A1D4-458D-B989-EC64F07C1D2F}.Release|Any CPU.ActiveCfg = Release|Any CPU
		{A3A0B41A-A1D4-458D-B989-EC64F07C1D2F}.Release|Any CPU.Build.0 = Release|Any CPU
		{092E07A5-8CA4-47F4-ACD7-2B7D08F319CC}.Debug|Any CPU.ActiveCfg = Debug|Any CPU
		{092E07A5-8CA4-47F4-ACD7-2B7D08F319CC}.Debug|Any CPU.Build.0 = Debug|Any CPU
		{092E07A5-8CA4-47F4-ACD7-2B7D08F319CC}.Release|Any CPU.ActiveCfg = Release|Any CPU
		{092E07A5-8CA4-47F4-ACD7-2B7D08F319CC}.Release|Any CPU.Build.0 = Release|Any CPU
		{102DD286-AAD8-4FB0-AADE-53B81AACD4E1}.Debug|Any CPU.ActiveCfg = Debug|Any CPU
		{102DD286-AAD8-4FB0-AADE-53B81AACD4E1}.Debug|Any CPU.Build.0 = Debug|Any CPU
		{102DD286-AAD8-4FB0-AADE-53B81AACD4E1}.Release|Any CPU.ActiveCfg = Release|Any CPU
		{102DD286-AAD8-4FB0-AADE-53B81AACD4E1}.Release|Any CPU.Build.0 = Release|Any CPU
		{FE9082FD-B50F-450B-95F2-3318861C4B00}.Debug|Any CPU.ActiveCfg = Debug|Any CPU
		{FE9082FD-B50F-450B-95F2-3318861C4B00}.Debug|Any CPU.Build.0 = Debug|Any CPU
		{FE9082FD-B50F-450B-95F2-3318861C4B00}.Release|Any CPU.ActiveCfg = Release|Any CPU
		{FE9082FD-B50F-450B-95F2-3318861C4B00}.Release|Any CPU.Build.0 = Release|Any CPU
	EndGlobalSection
EndGlobal
